
Microsoft Visual Studio Solution File, Format Version 12.00
# Visual Studio Version 16
VisualStudioVersion = 16.0.30011.22
MinimumVisualStudioVersion = 10.0.40219.1
Project("{FAE04EC0-301F-11D3-BF4B-00C04F79EFBC}") = "InterfacesLesson", "InterfacesLesson\InterfacesLesson.csproj", "{658CA029-CF44-4B04-A896-E95B61311388}"
EndProject
Global
	GlobalSection(SolutionConfigurationPlatforms) = preSolution
		Debug|Any CPU = Debug|Any CPU
		Release|Any CPU = Release|Any CPU
	EndGlobalSection
	GlobalSection(ProjectConfigurationPlatforms) = postSolution
		{658CA029-CF44-4B04-A896-E95B61311388}.Debug|Any CPU.ActiveCfg = Debug|Any CPU
		{658CA029-CF44-4B04-A896-E95B61311388}.Debug|Any CPU.Build.0 = Debug|Any CPU
		{658CA029-CF44-4B04-A896-E95B61311388}.Release|Any CPU.ActiveCfg = Release|Any CPU
		{658CA029-CF44-4B04-A896-E95B61311388}.Release|Any CPU.Build.0 = Release|Any CPU
	EndGlobalSection
	GlobalSection(SolutionProperties) = preSolution
		HideSolutionNode = FALSE
	EndGlobalSection
	GlobalSection(ExtensibilityGlobals) = postSolution
		SolutionGuid = {2BDCD336-252B-4682-BD53-B5E1D96F1BAA}
	EndGlobalSection
EndGlobal
